
Microsoft Visual Studio Solution File, Format Version 12.00
# Visual Studio Express 15 for Windows Desktop
VisualStudioVersion = 15.0.28307.438
MinimumVisualStudioVersion = 10.0.40219.1
Project("{FAE04EC0-301F-11D3-BF4B-00C04F79EFBC}") = "Piskorky", "Piskorky.csproj", "{07C9E2E4-7F5C-4D08-BBD4-CF6590F08166}"
EndProject
Global
	GlobalSection(SolutionConfigurationPlatforms) = preSolution
		Debug|Any CPU = Debug|Any CPU
		Release|Any CPU = Release|Any CPU
	EndGlobalSection
	GlobalSection(ProjectConfigurationPlatforms) = postSolution
		{07C9E2E4-7F5C-4D08-BBD4-CF6590F08166}.Debug|Any CPU.ActiveCfg = Debug|Any CPU
		{07C9E2E4-7F5C-4D08-BBD4-CF6590F08166}.Debug|Any CPU.Build.0 = Debug|Any CPU
		{07C9E2E4-7F5C-4D08-BBD4-CF6590F08166}.Release|Any CPU.ActiveCfg = Release|Any CPU
		{07C9E2E4-7F5C-4D08-BBD4-CF6590F08166}.Release|Any CPU.Build.0 = Release|Any CPU
	EndGlobalSection
	GlobalSection(SolutionProperties) = preSolution
		HideSolutionNode = FALSE
	EndGlobalSection
	GlobalSection(ExtensibilityGlobals) = postSolution
		SolutionGuid = {AA470A96-236B-402C-AFC1-E8C09C1F9DC9}
	EndGlobalSection
EndGlobal
